{
  "version": 4,
  "terraform_version": "0.13.4",
  "serial": 28,
  "lineage": "0da4d1c2-8780-051d-7897-305832820c49",
  "outputs": {
    "catapp_ip": {
      "value": "52.168.105.232",
      "type": "string"
    },
    "catapp_url": {
      "value": "http://soumitra-mukherji1-meow.eastus.cloudapp.azure.com",
      "type": "string"
    }
  },
  "resources": [
    {
      "mode": "managed",
      "type": "azurerm_network_interface",
      "name": "catapp-nic",
      "provider": "provider[\"registry.terraform.io/hashicorp/azurerm\"]",
      "instances": [
        {
          "schema_version": 0,
          "attributes": {
            "applied_dns_servers": [],
            "dns_servers": [],
            "enable_accelerated_networking": false,
            "enable_ip_forwarding": false,
            "id": "/subscriptions/d0cfe4b8-d7eb-49f5-b78f-ea93916a20fa/resourceGroups/soumitra-mukherji1-workshop/providers/Microsoft.Network/networkInterfaces/soumitra-mukherji1-catapp-nic",
            "internal_dns_name_label": "",
            "internal_fqdn": "",
            "ip_configuration": [
              {
                "application_gateway_backend_address_pools_ids": [],
                "application_security_group_ids": [],
                "load_balancer_backend_address_pools_ids": [],
                "load_balancer_inbound_nat_rules_ids": [],
                "name": "soumitra-mukherji1ipconfig",
                "primary": true,
                "private_ip_address": "10.0.10.4",
                "private_ip_address_allocation": "dynamic",
                "private_ip_address_version": "IPv4",
                "public_ip_address_id": "/subscriptions/d0cfe4b8-d7eb-49f5-b78f-ea93916a20fa/resourceGroups/soumitra-mukherji1-workshop/providers/Microsoft.Network/publicIPAddresses/soumitra-mukherji1-ip",
                "subnet_id": "/subscriptions/d0cfe4b8-d7eb-49f5-b78f-ea93916a20fa/resourceGroups/soumitra-mukherji1-workshop/providers/Microsoft.Network/virtualNetworks/soumitra-mukherji1-vnet/subnets/soumitra-mukherji1-subnet"
              }
            ],
            "location": "eastus",
            "mac_address": "00-0D-3A-8F-1B-DE",
            "name": "soumitra-mukherji1-catapp-nic",
            "network_security_group_id": "/subscriptions/d0cfe4b8-d7eb-49f5-b78f-ea93916a20fa/resourceGroups/soumitra-mukherji1-workshop/providers/Microsoft.Network/networkSecurityGroups/soumitra-mukherji1-sg",
            "private_ip_address": "10.0.10.4",
            "private_ip_addresses": [
              "10.0.10.4"
            ],
            "resource_group_name": "soumitra-mukherji1-workshop",
            "tags": {},
            "virtual_machine_id": "/subscriptions/d0cfe4b8-d7eb-49f5-b78f-ea93916a20fa/resourceGroups/soumitra-mukherji1-workshop/providers/Microsoft.Compute/virtualMachines/soumitra-mukherji1-meow"
          },
          "private": "bnVsbA==",
          "dependencies": [
            "azurerm_network_security_group.catapp-sg",
            "azurerm_public_ip.catapp-pip",
            "azurerm_resource_group.myresourcegroup",
            "azurerm_subnet.subnet",
            "azurerm_virtual_network.vnet"
          ]
        }
      ]
    },
    {
      "mode": "managed",
      "type": "azurerm_network_security_group",
      "name": "catapp-sg",
      "provider": "provider[\"registry.terraform.io/hashicorp/azurerm\"]",
      "instances": [
        {
          "schema_version": 0,
          "attributes": {
            "id": "/subscriptions/d0cfe4b8-d7eb-49f5-b78f-ea93916a20fa/resourceGroups/soumitra-mukherji1-workshop/providers/Microsoft.Network/networkSecurityGroups/soumitra-mukherji1-sg",
            "location": "eastus",
            "name": "soumitra-mukherji1-sg",
            "resource_group_name": "soumitra-mukherji1-workshop",
            "security_rule": [
              {
                "access": "Allow",
                "description": "",
                "destination_address_prefix": "*",
                "destination_address_prefixes": [],
                "destination_application_security_group_ids": [],
                "destination_port_range": "22",
                "destination_port_ranges": [],
                "direction": "Inbound",
                "name": "SSH",
                "priority": 101,
                "protocol": "Tcp",
                "source_address_prefix": "*",
                "source_address_prefixes": [],
                "source_application_security_group_ids": [],
                "source_port_range": "*",
                "source_port_ranges": []
              },
              {
                "access": "Allow",
                "description": "",
                "destination_address_prefix": "*",
                "destination_address_prefixes": [],
                "destination_application_security_group_ids": [],
                "destination_port_range": "443",
                "destination_port_ranges": [],
                "direction": "Inbound",
                "name": "HTTPS",
                "priority": 102,
                "protocol": "Tcp",
                "source_address_prefix": "*",
                "source_address_prefixes": [],
                "source_application_security_group_ids": [],
                "source_port_range": "*",
                "source_port_ranges": []
              },
              {
                "access": "Allow",
                "description": "",
                "destination_address_prefix": "*",
                "destination_address_prefixes": [],
                "destination_application_security_group_ids": [],
                "destination_port_range": "80",
                "destination_port_ranges": [],
                "direction": "Inbound",
                "name": "HTTP",
                "priority": 100,
                "protocol": "Tcp",
                "source_address_prefix": "*",
                "source_address_prefixes": [],
                "source_application_security_group_ids": [],
                "source_port_range": "*",
                "source_port_ranges": []
              }
            ],
            "tags": {}
          },
          "private": "bnVsbA==",
          "dependencies": [
            "azurerm_resource_group.myresourcegroup"
          ]
        }
      ]
    },
    {
      "mode": "managed",
      "type": "azurerm_public_ip",
      "name": "catapp-pip",
      "provider": "provider[\"registry.terraform.io/hashicorp/azurerm\"]",
      "instances": [
        {
          "schema_version": 0,
          "attributes": {
            "allocation_method": "Dynamic",
            "domain_name_label": "soumitra-mukherji1-meow",
            "fqdn": "soumitra-mukherji1-meow.eastus.cloudapp.azure.com",
            "id": "/subscriptions/d0cfe4b8-d7eb-49f5-b78f-ea93916a20fa/resourceGroups/soumitra-mukherji1-workshop/providers/Microsoft.Network/publicIPAddresses/soumitra-mukherji1-ip",
            "idle_timeout_in_minutes": 4,
            "ip_address": "52.168.105.232",
            "ip_version": "IPv4",
            "location": "eastus",
            "name": "soumitra-mukherji1-ip",
            "public_ip_address_allocation": "Dynamic",
            "public_ip_prefix_id": null,
            "resource_group_name": "soumitra-mukherji1-workshop",
            "reverse_fqdn": "",
            "sku": "Basic",
            "tags": {},
            "zones": []
          },
          "private": "bnVsbA==",
          "dependencies": [
            "azurerm_resource_group.myresourcegroup"
          ]
        }
      ]
    },
    {
      "mode": "managed",
      "type": "azurerm_resource_group",
      "name": "myresourcegroup",
      "provider": "provider[\"registry.terraform.io/hashicorp/azurerm\"]",
      "instances": [
        {
          "schema_version": 0,
          "attributes": {
            "id": "/subscriptions/d0cfe4b8-d7eb-49f5-b78f-ea93916a20fa/resourceGroups/soumitra-mukherji1-workshop",
            "location": "eastus",
            "name": "soumitra-mukherji1-workshop",
            "tags": {
              "environment": "Production"
            }
          },
          "private": "bnVsbA=="
        }
      ]
    },
    {
      "mode": "managed",
      "type": "azurerm_subnet",
      "name": "subnet",
      "provider": "provider[\"registry.terraform.io/hashicorp/azurerm\"]",
      "instances": [
        {
          "schema_version": 0,
          "attributes": {
            "address_prefix": "10.0.10.0/24",
            "delegation": [],
            "enforce_private_link_endpoint_network_policies": false,
            "enforce_private_link_service_network_policies": false,
            "id": "/subscriptions/d0cfe4b8-d7eb-49f5-b78f-ea93916a20fa/resourceGroups/soumitra-mukherji1-workshop/providers/Microsoft.Network/virtualNetworks/soumitra-mukherji1-vnet/subnets/soumitra-mukherji1-subnet",
            "ip_configurations": [
              "/subscriptions/d0cfe4b8-d7eb-49f5-b78f-ea93916a20fa/resourceGroups/soumitra-mukherji1-workshop/providers/Microsoft.Network/networkInterfaces/soumitra-mukherji1-catapp-nic/ipConfigurations/soumitra-mukherji1ipconfig"
            ],
            "name": "soumitra-mukherji1-subnet",
            "network_security_group_id": "",
            "resource_group_name": "soumitra-mukherji1-workshop",
            "route_table_id": "",
            "service_endpoints": [],
            "virtual_network_name": "soumitra-mukherji1-vnet"
          },
          "private": "bnVsbA==",
          "dependencies": [
            "azurerm_resource_group.myresourcegroup",
            "azurerm_virtual_network.vnet"
          ]
        }
      ]
    },
    {
      "mode": "managed",
      "type": "azurerm_virtual_machine",
      "name": "catapp",
      "provider": "provider[\"registry.terraform.io/hashicorp/azurerm\"]",
      "instances": [
        {
          "schema_version": 0,
          "attributes": {
            "additional_capabilities": [],
            "availability_set_id": null,
            "boot_diagnostics": [],
            "delete_data_disks_on_termination": false,
            "delete_os_disk_on_termination": true,
            "id": "/subscriptions/d0cfe4b8-d7eb-49f5-b78f-ea93916a20fa/resourceGroups/soumitra-mukherji1-workshop/providers/Microsoft.Compute/virtualMachines/soumitra-mukherji1-meow",
            "identity": [],
            "license_type": null,
            "location": "eastus",
            "name": "soumitra-mukherji1-meow",
            "network_interface_ids": [
              "/subscriptions/d0cfe4b8-d7eb-49f5-b78f-ea93916a20fa/resourceGroups/soumitra-mukherji1-workshop/providers/Microsoft.Network/networkInterfaces/soumitra-mukherji1-catapp-nic"
            ],
            "os_profile": [
              {
                "admin_password": "",
                "admin_username": "hashicorp",
                "computer_name": "soumitra-mukherji1",
                "custom_data": ""
              }
            ],
            "os_profile_linux_config": [
              {
                "disable_password_authentication": false,
                "ssh_keys": []
              }
            ],
            "os_profile_secrets": [],
            "os_profile_windows_config": [],
            "plan": [],
            "primary_network_interface_id": null,
            "proximity_placement_group_id": null,
            "resource_group_name": "soumitra-mukherji1-workshop",
            "storage_data_disk": [],
            "storage_image_reference": [
              {
                "id": "",
                "offer": "UbuntuServer",
                "publisher": "Canonical",
                "sku": "16.04-LTS",
                "version": "latest"
              }
            ],
            "storage_os_disk": [
              {
                "caching": "ReadWrite",
                "create_option": "FromImage",
                "disk_size_gb": 30,
                "image_uri": "",
                "managed_disk_id": "/subscriptions/d0cfe4b8-d7eb-49f5-b78f-ea93916a20fa/resourceGroups/soumitra-mukherji1-workshop/providers/Microsoft.Compute/disks/soumitra-mukherji1-osdisk",
                "managed_disk_type": "Standard_LRS",
                "name": "soumitra-mukherji1-osdisk",
                "os_type": "Linux",
                "vhd_uri": "",
                "write_accelerator_enabled": false
              }
            ],
            "tags": {},
            "vm_size": "Standard_B1s",
            "zones": []
          },
          "private": "bnVsbA==",
          "dependencies": [
            "azurerm_network_interface.catapp-nic",
            "azurerm_network_security_group.catapp-sg",
            "azurerm_public_ip.catapp-pip",
            "azurerm_resource_group.myresourcegroup",
            "azurerm_subnet.subnet",
            "azurerm_virtual_network.vnet"
          ]
        }
      ]
    },
    {
      "mode": "managed",
      "type": "azurerm_virtual_network",
      "name": "vnet",
      "provider": "provider[\"registry.terraform.io/hashicorp/azurerm\"]",
      "instances": [
        {
          "schema_version": 0,
          "attributes": {
            "address_space": [
              "10.0.0.0/16"
            ],
            "ddos_protection_plan": [],
            "dns_servers": [],
            "id": "/subscriptions/d0cfe4b8-d7eb-49f5-b78f-ea93916a20fa/resourceGroups/soumitra-mukherji1-workshop/providers/Microsoft.Network/virtualNetworks/soumitra-mukherji1-vnet",
            "location": "eastus",
            "name": "soumitra-mukherji1-vnet",
            "resource_group_name": "soumitra-mukherji1-workshop",
            "subnet": [
              {
                "address_prefix": "10.0.10.0/24",
                "id": "/subscriptions/d0cfe4b8-d7eb-49f5-b78f-ea93916a20fa/resourceGroups/soumitra-mukherji1-workshop/providers/Microsoft.Network/virtualNetworks/soumitra-mukherji1-vnet/subnets/soumitra-mukherji1-subnet",
                "name": "soumitra-mukherji1-subnet",
                "security_group": ""
              }
            ],
            "tags": {}
          },
          "private": "bnVsbA==",
          "dependencies": [
            "azurerm_resource_group.myresourcegroup"
          ]
        }
      ]
    },
    {
      "mode": "managed",
      "type": "null_resource",
      "name": "configure-cat-app",
      "provider": "provider[\"registry.terraform.io/hashicorp/null\"]",
      "instances": [
        {
          "schema_version": 0,
          "attributes": {
            "id": "9165496773212294186",
            "triggers": {
              "build_number": "2021-03-30T16:11:52Z"
            }
          },
          "private": "bnVsbA==",
          "dependencies": [
            "azurerm_public_ip.catapp-pip",
            "azurerm_virtual_machine.catapp"
          ]
        }
      ]
    }
  ]
}
